
Microsoft Visual Studio Solution File, Format Version 12.00
# Visual Studio Version 16
VisualStudioVersion = 16.0.30114.105
MinimumVisualStudioVersion = 10.0.40219.1
Project("{FAE04EC0-301F-11D3-BF4B-00C04F79EFBC}") = "Colas", "Colas.csproj", "{327EC81A-203D-4A77-87E6-5A878E34E223}"
EndProject
Global
	GlobalSection(SolutionConfigurationPlatforms) = preSolution
		Debug|Any CPU = Debug|Any CPU
		Release|Any CPU = Release|Any CPU
	EndGlobalSection
	GlobalSection(ProjectConfigurationPlatforms) = postSolution
		{327EC81A-203D-4A77-87E6-5A878E34E223}.Debug|Any CPU.ActiveCfg = Debug|Any CPU
		{327EC81A-203D-4A77-87E6-5A878E34E223}.Debug|Any CPU.Build.0 = Debug|Any CPU
		{327EC81A-203D-4A77-87E6-5A878E34E223}.Release|Any CPU.ActiveCfg = Release|Any CPU
		{327EC81A-203D-4A77-87E6-5A878E34E223}.Release|Any CPU.Build.0 = Release|Any CPU
	EndGlobalSection
	GlobalSection(SolutionProperties) = preSolution
		HideSolutionNode = FALSE
	EndGlobalSection
	GlobalSection(ExtensibilityGlobals) = postSolution
		SolutionGuid = {073F8B08-BCDE-4EB8-85B7-6FF218B8A6A7}
	EndGlobalSection
EndGlobal
